
Microsoft Visual Studio Solution File, Format Version 12.00
# Visual Studio Version 16
VisualStudioVersion = 16.0.29306.81
MinimumVisualStudioVersion = 10.0.40219.1
Project("{9A19103F-16F7-4668-BE54-9A1E7A4F7556}") = "LibraryApi", "LibraryApi\LibraryApi.csproj", "{8C1C8567-FCBB-4F88-BAB8-56B640728DA5}"
EndProject
Project("{9A19103F-16F7-4668-BE54-9A1E7A4F7556}") = "CartApi", "CartApi\CartApi.csproj", "{40B6D8D7-11A7-4853-B9EC-41CBEEFCA13B}"
EndProject
Project("{9A19103F-16F7-4668-BE54-9A1E7A4F7556}") = "Common", "Common\Common.csproj", "{EE6C3AD4-3955-40B6-8352-DB6FAEFD3945}"
EndProject
Global
	GlobalSection(SolutionConfigurationPlatforms) = preSolution
		Debug|Any CPU = Debug|Any CPU
		Release|Any CPU = Release|Any CPU
	EndGlobalSection
	GlobalSection(ProjectConfigurationPlatforms) = postSolution
		{8C1C8567-FCBB-4F88-BAB8-56B640728DA5}.Debug|Any CPU.ActiveCfg = Debug|Any CPU
		{8C1C8567-FCBB-4F88-BAB8-56B640728DA5}.Debug|Any CPU.Build.0 = Debug|Any CPU
		{8C1C8567-FCBB-4F88-BAB8-56B640728DA5}.Release|Any CPU.ActiveCfg = Release|Any CPU
		{8C1C8567-FCBB-4F88-BAB8-56B640728DA5}.Release|Any CPU.Build.0 = Release|Any CPU
		{40B6D8D7-11A7-4853-B9EC-41CBEEFCA13B}.Debug|Any CPU.ActiveCfg = Debug|Any CPU
		{40B6D8D7-11A7-4853-B9EC-41CBEEFCA13B}.Debug|Any CPU.Build.0 = Debug|Any CPU
		{40B6D8D7-11A7-4853-B9EC-41CBEEFCA13B}.Release|Any CPU.ActiveCfg = Release|Any CPU
		{40B6D8D7-11A7-4853-B9EC-41CBEEFCA13B}.Release|Any CPU.Build.0 = Release|Any CPU
		{EE6C3AD4-3955-40B6-8352-DB6FAEFD3945}.Debug|Any CPU.ActiveCfg = Debug|Any CPU
		{EE6C3AD4-3955-40B6-8352-DB6FAEFD3945}.Debug|Any CPU.Build.0 = Debug|Any CPU
		{EE6C3AD4-3955-40B6-8352-DB6FAEFD3945}.Release|Any CPU.ActiveCfg = Release|Any CPU
		{EE6C3AD4-3955-40B6-8352-DB6FAEFD3945}.Release|Any CPU.Build.0 = Release|Any CPU
	EndGlobalSection
	GlobalSection(SolutionProperties) = preSolution
		HideSolutionNode = FALSE
	EndGlobalSection
	GlobalSection(ExtensibilityGlobals) = postSolution
		SolutionGuid = {F5E26563-F574-4FC3-8DA6-5053B2DF08BA}
	EndGlobalSection
EndGlobal
